
Microsoft Visual Studio Solution File, Format Version 12.00
# Visual Studio 2017
Project("{FAE04EC0-301F-11D3-BF4B-00C04F79EFBC}") = "PruebaGameflow", "PruebaGameflow.csproj", "{B40655CD-1162-3F5E-2F23-1005E9C04047}"
EndProject
Project("{FAE04EC0-301F-11D3-BF4B-00C04F79EFBC}") = "Unity.PackageManagerUI.Editor", "Unity.PackageManagerUI.Editor.csproj", "{6877705C-FBD9-0C4F-5AFB-6FB431E5D39D}"
EndProject
Project("{FAE04EC0-301F-11D3-BF4B-00C04F79EFBC}") = "PruebaGameflow.Editor", "PruebaGameflow.Editor.csproj", "{F892CFE2-DE8A-A872-F675-5A1BFBE8EAC6}"
EndProject
Project("{FAE04EC0-301F-11D3-BF4B-00C04F79EFBC}") = "UnityEditor.StandardEvents", "UnityEditor.StandardEvents.csproj", "{6800202F-4402-D405-F8CB-03DC7BD78B92}"
EndProject
Global
	GlobalSection(SolutionConfigurationPlatforms) = preSolution
		Debug|Any CPU = Debug|Any CPU
		Release|Any CPU = Release|Any CPU
	EndGlobalSection
	GlobalSection(ProjectConfigurationPlatforms) = postSolution
		{B40655CD-1162-3F5E-2F23-1005E9C04047}.Debug|Any CPU.ActiveCfg = Debug|Any CPU
		{B40655CD-1162-3F5E-2F23-1005E9C04047}.Debug|Any CPU.Build.0 = Debug|Any CPU
		{B40655CD-1162-3F5E-2F23-1005E9C04047}.Release|Any CPU.ActiveCfg = Release|Any CPU
		{B40655CD-1162-3F5E-2F23-1005E9C04047}.Release|Any CPU.Build.0 = Release|Any CPU
		{6877705C-FBD9-0C4F-5AFB-6FB431E5D39D}.Debug|Any CPU.ActiveCfg = Debug|Any CPU
		{6877705C-FBD9-0C4F-5AFB-6FB431E5D39D}.Debug|Any CPU.Build.0 = Debug|Any CPU
		{6877705C-FBD9-0C4F-5AFB-6FB431E5D39D}.Release|Any CPU.ActiveCfg = Release|Any CPU
		{6877705C-FBD9-0C4F-5AFB-6FB431E5D39D}.Release|Any CPU.Build.0 = Release|Any CPU
		{F892CFE2-DE8A-A872-F675-5A1BFBE8EAC6}.Debug|Any CPU.ActiveCfg = Debug|Any CPU
		{F892CFE2-DE8A-A872-F675-5A1BFBE8EAC6}.Debug|Any CPU.Build.0 = Debug|Any CPU
		{F892CFE2-DE8A-A872-F675-5A1BFBE8EAC6}.Release|Any CPU.ActiveCfg = Release|Any CPU
		{F892CFE2-DE8A-A872-F675-5A1BFBE8EAC6}.Release|Any CPU.Build.0 = Release|Any CPU
		{6800202F-4402-D405-F8CB-03DC7BD78B92}.Debug|Any CPU.ActiveCfg = Debug|Any CPU
		{6800202F-4402-D405-F8CB-03DC7BD78B92}.Debug|Any CPU.Build.0 = Debug|Any CPU
		{6800202F-4402-D405-F8CB-03DC7BD78B92}.Release|Any CPU.ActiveCfg = Release|Any CPU
		{6800202F-4402-D405-F8CB-03DC7BD78B92}.Release|Any CPU.Build.0 = Release|Any CPU
	EndGlobalSection
	GlobalSection(SolutionProperties) = preSolution
		HideSolutionNode = FALSE
	EndGlobalSection
EndGlobal
